{
  "name": "@youlead-bow/select2-multi-checkboxes",
  "version": "1.0.5",
  "lockfileVersion": 2,
  "requires": true,
  "packages": {
    "": {
      "name": "@youlead-bow/select2-multi-checkboxes",
      "version": "1.0.5",
      "license": "MIT",
      "dependencies": {
        "jquery.nicescroll": "^3.7.6",
        "select2": "^4.0.13"
      }
    },
    "node_modules/jquery": {
      "version": "3.6.1",
      "resolved": "https://registry.npmjs.org/jquery/-/jquery-3.6.1.tgz",
      "integrity": "sha512-opJeO4nCucVnsjiXOE+/PcCgYw9Gwpvs/a6B1LL/lQhwWwpbVEVYDZ1FokFr8PRc7ghYlrFPuyHuiiDNTQxmcw=="
    },
    "node_modules/jquery.nicescroll": {
      "version": "3.7.6",
      "resolved": "https://registry.npmjs.org/jquery.nicescroll/-/jquery.nicescroll-3.7.6.tgz",
      "integrity": "sha512-H4XOzQDw/fJIFftYGemNDAr9sz52zr35+JEubsTNGrTAtxQra4qnu6UnOe+avEHVPy8HnyoHgIpvPXedGSCfTw==",
      "dependencies": {
        "jquery": ">=1.8.3"
      }
    },
    "node_modules/select2": {
      "version": "4.0.13",
      "resolved": "https://registry.npmjs.org/select2/-/select2-4.0.13.tgz",
      "integrity": "sha512-1JeB87s6oN/TDxQQYCvS5EFoQyvV6eYMZZ0AeA4tdFDYWN3BAGZ8npr17UBFddU0lgAt3H0yjX3X6/ekOj1yjw=="
    }
  },
  "dependencies": {
    "jquery": {
      "version": "3.6.1",
      "resolved": "https://registry.npmjs.org/jquery/-/jquery-3.6.1.tgz",
      "integrity": "sha512-opJeO4nCucVnsjiXOE+/PcCgYw9Gwpvs/a6B1LL/lQhwWwpbVEVYDZ1FokFr8PRc7ghYlrFPuyHuiiDNTQxmcw=="
    },
    "jquery.nicescroll": {
      "version": "3.7.6",
      "resolved": "https://registry.npmjs.org/jquery.nicescroll/-/jquery.nicescroll-3.7.6.tgz",
      "integrity": "sha512-H4XOzQDw/fJIFftYGemNDAr9sz52zr35+JEubsTNGrTAtxQra4qnu6UnOe+avEHVPy8HnyoHgIpvPXedGSCfTw==",
      "requires": {
        "jquery": ">=1.8.3"
      }
    },
    "select2": {
      "version": "4.0.13",
      "resolved": "https://registry.npmjs.org/select2/-/select2-4.0.13.tgz",
      "integrity": "sha512-1JeB87s6oN/TDxQQYCvS5EFoQyvV6eYMZZ0AeA4tdFDYWN3BAGZ8npr17UBFddU0lgAt3H0yjX3X6/ekOj1yjw=="
    }
  }
}
